
Microsoft Visual Studio Solution File, Format Version 12.00
# 
Project("{FAE04EC0-301F-11D3-BF4B-00C04F79EFBC}") = "API", "API\API.csproj", "{91B65896-0F73-4BED-9535-FAD464CC44C1}"
EndProject
Project("{FAE04EC0-301F-11D3-BF4B-00C04F79EFBC}") = "Core", "Core\Core.csproj", "{163C9AEF-152C-4BD4-B565-E18592AA47C0}"
EndProject
Project("{FAE04EC0-301F-11D3-BF4B-00C04F79EFBC}") = "Infrastructure", "Infrastructure\Infrastructure.csproj", "{EEF4AF93-3502-4BE3-8913-E079F5FCB848}"
EndProject
Global
	GlobalSection(SolutionConfigurationPlatforms) = preSolution
		Debug|Any CPU = Debug|Any CPU
		Release|Any CPU = Release|Any CPU
	EndGlobalSection
	GlobalSection(ProjectConfigurationPlatforms) = postSolution
		{91B65896-0F73-4BED-9535-FAD464CC44C1}.Debug|Any CPU.ActiveCfg = Debug|Any CPU
		{91B65896-0F73-4BED-9535-FAD464CC44C1}.Debug|Any CPU.Build.0 = Debug|Any CPU
		{91B65896-0F73-4BED-9535-FAD464CC44C1}.Release|Any CPU.ActiveCfg = Release|Any CPU
		{91B65896-0F73-4BED-9535-FAD464CC44C1}.Release|Any CPU.Build.0 = Release|Any CPU
		{163C9AEF-152C-4BD4-B565-E18592AA47C0}.Debug|Any CPU.ActiveCfg = Debug|Any CPU
		{163C9AEF-152C-4BD4-B565-E18592AA47C0}.Debug|Any CPU.Build.0 = Debug|Any CPU
		{163C9AEF-152C-4BD4-B565-E18592AA47C0}.Release|Any CPU.ActiveCfg = Release|Any CPU
		{163C9AEF-152C-4BD4-B565-E18592AA47C0}.Release|Any CPU.Build.0 = Release|Any CPU
		{EEF4AF93-3502-4BE3-8913-E079F5FCB848}.Debug|Any CPU.ActiveCfg = Debug|Any CPU
		{EEF4AF93-3502-4BE3-8913-E079F5FCB848}.Debug|Any CPU.Build.0 = Debug|Any CPU
		{EEF4AF93-3502-4BE3-8913-E079F5FCB848}.Release|Any CPU.ActiveCfg = Release|Any CPU
		{EEF4AF93-3502-4BE3-8913-E079F5FCB848}.Release|Any CPU.Build.0 = Release|Any CPU
	EndGlobalSection
EndGlobal
